PATH
  remote: bosh-stemcell
  specs:
    bosh-stemcell (0.0.0)
      rake
      rspec
      rspec-its

GEM
  remote: https://rubygems.org/
  specs:
    diff-lcs (1.6.2)
    rake (13.4.2)
    rspec (3.13.2)
      rspec-core (~> 3.13.0)
      rspec-expectations (~> 3.13.0)
      rspec-mocks (~> 3.13.0)
    rspec-core (3.13.6)
      rspec-support (~> 3.13.0)
    rspec-expectations (3.13.5)
      diff-lcs (>= 1.2.0, < 2.0)
      rspec-support (~> 3.13.0)
    rspec-its (2.0.0)
      rspec-core (>= 3.13.0)
      rspec-expectations (>= 3.13.0)
    rspec-mocks (3.13.8)
      diff-lcs (>= 1.2.0, < 2.0)
      rspec-support (~> 3.13.0)
    rspec-support (3.13.7)

PLATFORMS
  ruby

DEPENDENCIES
  bosh-stemcell!
  rake

BUNDLED WITH
   2.5.23
